
Microsoft Visual Studio Solution File, Format Version 12.00
# Visual Studio Version 17
VisualStudioVersion = 17.9.34723.18
MinimumVisualStudioVersion = 10.0.40219.1
Project("{FAE04EC0-301F-11D3-BF4B-00C04F79EFBC}") = "Intro", "Intro\Intro.csproj", "{9CDA6412-EB90-4B62-A4D4-281D6150C231}"
EndProject
Project("{FAE04EC0-301F-11D3-BF4B-00C04F79EFBC}") = "ServerCode", "ServerCode\ServerCode.csproj", "{C2D8FF39-4452-4F73-BA94-399F9CB4D389}"
EndProject
Project("{FAE04EC0-301F-11D3-BF4B-00C04F79EFBC}") = "ClientCode", "ClientCode\ClientCode.csproj", "{70AB0410-ADDC-4EC0-85C9-9B2A7E6DC9B2}"
EndProject
Global
	GlobalSection(SolutionConfigurationPlatforms) = preSolution
		Debug|Any CPU = Debug|Any CPU
		Release|Any CPU = Release|Any CPU
	EndGlobalSection
	GlobalSection(ProjectConfigurationPlatforms) = postSolution
		{9CDA6412-EB90-4B62-A4D4-281D6150C231}.Debug|Any CPU.ActiveCfg = Debug|Any CPU
		{9CDA6412-EB90-4B62-A4D4-281D6150C231}.Debug|Any CPU.Build.0 = Debug|Any CPU
		{9CDA6412-EB90-4B62-A4D4-281D6150C231}.Release|Any CPU.ActiveCfg = Release|Any CPU
		{9CDA6412-EB90-4B62-A4D4-281D6150C231}.Release|Any CPU.Build.0 = Release|Any CPU
		{C2D8FF39-4452-4F73-BA94-399F9CB4D389}.Debug|Any CPU.ActiveCfg = Debug|Any CPU
		{C2D8FF39-4452-4F73-BA94-399F9CB4D389}.Debug|Any CPU.Build.0 = Debug|Any CPU
		{C2D8FF39-4452-4F73-BA94-399F9CB4D389}.Release|Any CPU.ActiveCfg = Release|Any CPU
		{C2D8FF39-4452-4F73-BA94-399F9CB4D389}.Release|Any CPU.Build.0 = Release|Any CPU
		{70AB0410-ADDC-4EC0-85C9-9B2A7E6DC9B2}.Debug|Any CPU.ActiveCfg = Debug|Any CPU
		{70AB0410-ADDC-4EC0-85C9-9B2A7E6DC9B2}.Debug|Any CPU.Build.0 = Debug|Any CPU
		{70AB0410-ADDC-4EC0-85C9-9B2A7E6DC9B2}.Release|Any CPU.ActiveCfg = Release|Any CPU
		{70AB0410-ADDC-4EC0-85C9-9B2A7E6DC9B2}.Release|Any CPU.Build.0 = Release|Any CPU
	EndGlobalSection
	GlobalSection(SolutionProperties) = preSolution
		HideSolutionNode = FALSE
	EndGlobalSection
	GlobalSection(ExtensibilityGlobals) = postSolution
		SolutionGuid = {37CC91F3-0622-4662-BCCD-614A2D613C0F}
	EndGlobalSection
EndGlobal
