
Microsoft Visual Studio Solution File, Format Version 12.00
# Visual Studio Version 17
VisualStudioVersion = 17.9.34723.18
MinimumVisualStudioVersion = 10.0.40219.1
Project("{FAE04EC0-301F-11D3-BF4B-00C04F79EFBC}") = "Server", "Server\Server.csproj", "{C8D23637-6825-433D-BDBC-41413828B6D9}"
EndProject
Project("{FAE04EC0-301F-11D3-BF4B-00C04F79EFBC}") = "Client", "Client\Client.csproj", "{8DB3E480-C3A0-45F2-BE28-89A7B6B00A82}"
EndProject
Global
	GlobalSection(SolutionConfigurationPlatforms) = preSolution
		Debug|Any CPU = Debug|Any CPU
		Release|Any CPU = Release|Any CPU
	EndGlobalSection
	GlobalSection(ProjectConfigurationPlatforms) = postSolution
		{C8D23637-6825-433D-BDBC-41413828B6D9}.Debug|Any CPU.ActiveCfg = Debug|Any CPU
		{C8D23637-6825-433D-BDBC-41413828B6D9}.Debug|Any CPU.Build.0 = Debug|Any CPU
		{C8D23637-6825-433D-BDBC-41413828B6D9}.Release|Any CPU.ActiveCfg = Release|Any CPU
		{C8D23637-6825-433D-BDBC-41413828B6D9}.Release|Any CPU.Build.0 = Release|Any CPU
		{8DB3E480-C3A0-45F2-BE28-89A7B6B00A82}.Debug|Any CPU.ActiveCfg = Debug|Any CPU
		{8DB3E480-C3A0-45F2-BE28-89A7B6B00A82}.Debug|Any CPU.Build.0 = Debug|Any CPU
		{8DB3E480-C3A0-45F2-BE28-89A7B6B00A82}.Release|Any CPU.ActiveCfg = Release|Any CPU
		{8DB3E480-C3A0-45F2-BE28-89A7B6B00A82}.Release|Any CPU.Build.0 = Release|Any CPU
	EndGlobalSection
	GlobalSection(SolutionProperties) = preSolution
		HideSolutionNode = FALSE
	EndGlobalSection
	GlobalSection(ExtensibilityGlobals) = postSolution
		SolutionGuid = {60A0C500-F835-490E-84D2-F946126DD7EE}
	EndGlobalSection
EndGlobal
