
Microsoft Visual Studio Solution File, Format Version 12.00
# Visual Studio Version 17
VisualStudioVersion = 17.9.34723.18
MinimumVisualStudioVersion = 10.0.40219.1
Project("{FAE04EC0-301F-11D3-BF4B-00C04F79EFBC}") = "AsyncAwait", "AsyncAwait\AsyncAwait.csproj", "{5513CCDA-3D81-43E9-BC06-B8D9993266F8}"
EndProject
Project("{FAE04EC0-301F-11D3-BF4B-00C04F79EFBC}") = "ParalelProgramming", "ParalelProgramming\ParalelProgramming.csproj", "{8DA246EF-4F0E-4CDD-88D3-64D0BE084F5B}"
EndProject
Global
	GlobalSection(SolutionConfigurationPlatforms) = preSolution
		Debug|Any CPU = Debug|Any CPU
		Release|Any CPU = Release|Any CPU
	EndGlobalSection
	GlobalSection(ProjectConfigurationPlatforms) = postSolution
		{5513CCDA-3D81-43E9-BC06-B8D9993266F8}.Debug|Any CPU.ActiveCfg = Debug|Any CPU
		{5513CCDA-3D81-43E9-BC06-B8D9993266F8}.Debug|Any CPU.Build.0 = Debug|Any CPU
		{5513CCDA-3D81-43E9-BC06-B8D9993266F8}.Release|Any CPU.ActiveCfg = Release|Any CPU
		{5513CCDA-3D81-43E9-BC06-B8D9993266F8}.Release|Any CPU.Build.0 = Release|Any CPU
		{8DA246EF-4F0E-4CDD-88D3-64D0BE084F5B}.Debug|Any CPU.ActiveCfg = Debug|Any CPU
		{8DA246EF-4F0E-4CDD-88D3-64D0BE084F5B}.Debug|Any CPU.Build.0 = Debug|Any CPU
		{8DA246EF-4F0E-4CDD-88D3-64D0BE084F5B}.Release|Any CPU.ActiveCfg = Release|Any CPU
		{8DA246EF-4F0E-4CDD-88D3-64D0BE084F5B}.Release|Any CPU.Build.0 = Release|Any CPU
	EndGlobalSection
	GlobalSection(SolutionProperties) = preSolution
		HideSolutionNode = FALSE
	EndGlobalSection
	GlobalSection(ExtensibilityGlobals) = postSolution
		SolutionGuid = {68B012F8-B25E-44D7-B167-A78C8BD597CE}
	EndGlobalSection
EndGlobal
